
Microsoft Visual Studio Solution File, Format Version 12.00
# Visual Studio Version 16
VisualStudioVersion = 16.0.32929.386
MinimumVisualStudioVersion = 10.0.40219.1
Project("{FAE04EC0-301F-11D3-BF4B-00C04F79EFBC}") = "Teste.Integracao", "Teste.Integracao.csproj", "{6C66374B-ACCA-422C-A41E-EDF14F506204}"
EndProject
Global
	GlobalSection(SolutionConfigurationPlatforms) = preSolution
		Debug|Any CPU = Debug|Any CPU
		Release|Any CPU = Release|Any CPU
	EndGlobalSection
	GlobalSection(ProjectConfigurationPlatforms) = postSolution
		{6C66374B-ACCA-422C-A41E-EDF14F506204}.Debug|Any CPU.ActiveCfg = Debug|Any CPU
		{6C66374B-ACCA-422C-A41E-EDF14F506204}.Debug|Any CPU.Build.0 = Debug|Any CPU
		{6C66374B-ACCA-422C-A41E-EDF14F506204}.Release|Any CPU.ActiveCfg = Release|Any CPU
		{6C66374B-ACCA-422C-A41E-EDF14F506204}.Release|Any CPU.Build.0 = Release|Any CPU
	EndGlobalSection
	GlobalSection(SolutionProperties) = preSolution
		HideSolutionNode = FALSE
	EndGlobalSection
	GlobalSection(ExtensibilityGlobals) = postSolution
		SolutionGuid = {C82A75AA-D3C9-41F7-B25C-319359DF7A77}
	EndGlobalSection
EndGlobal
